
Microsoft Visual Studio Solution File, Format Version 12.00
# Visual Studio 15
VisualStudioVersion = 15.0.28307.902
MinimumVisualStudioVersion = 10.0.40219.1
Project("{FAE04EC0-301F-11D3-BF4B-00C04F79EFBC}") = "Ventas.Android", "Ventas\Ventas.Android\Ventas.Android.csproj", "{31311003-3544-49F8-9EC1-D3F26F29DAE6}"
EndProject
Project("{FAE04EC0-301F-11D3-BF4B-00C04F79EFBC}") = "Ventas.iOS", "Ventas\Ventas.iOS\Ventas.iOS.csproj", "{E6DAC8CB-0DCF-477E-B71B-79994E25314B}"
EndProject
Project("{FAE04EC0-301F-11D3-BF4B-00C04F79EFBC}") = "Ventas", "Ventas\Ventas\Ventas.csproj", "{00101FFC-0599-472F-813F-9AC28C8E88EF}"
EndProject
Project("{FAE04EC0-301F-11D3-BF4B-00C04F79EFBC}") = "Ventas.Backend", "Ventas.Backend\Ventas.Backend.csproj", "{72DAC64D-2605-463D-8AD4-A6E50FC6C96A}"
EndProject
Project("{FAE04EC0-301F-11D3-BF4B-00C04F79EFBC}") = "Ventas.API", "Ventas.API\Ventas.API.csproj", "{A7CB168A-5068-46ED-BE60-37DA14FE4780}"
EndProject
Project("{FAE04EC0-301F-11D3-BF4B-00C04F79EFBC}") = "Ventas.Domain", "Ventas.Domain\Ventas.Domain.csproj", "{07EBE54B-1F1E-44EC-BB55-65970CE11252}"
EndProject
Project("{FAE04EC0-301F-11D3-BF4B-00C04F79EFBC}") = "Ventas.Common", "Ventas.Common\Ventas.Common.csproj", "{0A16AE3D-0D40-458D-8059-81CB077C8C4A}"
EndProject
Global
	GlobalSection(SolutionConfigurationPlatforms) = preSolution
		Ad-Hoc|Any CPU = Ad-Hoc|Any CPU
		Ad-Hoc|iPhone = Ad-Hoc|iPhone
		Ad-Hoc|iPhoneSimulator = Ad-Hoc|iPhoneSimulator
		AppStore|Any CPU = AppStore|Any CPU
		AppStore|iPhone = AppStore|iPhone
		AppStore|iPhoneSimulator = AppStore|iPhoneSimulator
		Debug|Any CPU = Debug|Any CPU
		Debug|iPhone = Debug|iPhone
		Debug|iPhoneSimulator = Debug|iPhoneSimulator
		Release|Any CPU = Release|Any CPU
		Release|iPhone = Release|iPhone
		Release|iPhoneSimulator = Release|iPhoneSimulator
	EndGlobalSection
	GlobalSection(ProjectConfigurationPlatforms) = postSolution
		{31311003-3544-49F8-9EC1-D3F26F29DAE6}.Ad-Hoc|Any CPU.ActiveCfg = Release|Any CPU
		{31311003-3544-49F8-9EC1-D3F26F29DAE6}.Ad-Hoc|Any CPU.Build.0 = Release|Any CPU
		{31311003-3544-49F8-9EC1-D3F26F29DAE6}.Ad-Hoc|Any CPU.Deploy.0 = Release|Any CPU
		{31311003-3544-49F8-9EC1-D3F26F29DAE6}.Ad-Hoc|iPhone.ActiveCfg = Release|Any CPU
		{31311003-3544-49F8-9EC1-D3F26F29DAE6}.Ad-Hoc|iPhone.Build.0 = Release|Any CPU
		{31311003-3544-49F8-9EC1-D3F26F29DAE6}.Ad-Hoc|iPhone.Deploy.0 = Release|Any CPU
		{31311003-3544-49F8-9EC1-D3F26F29DAE6}.Ad-Hoc|iPhoneSimulator.ActiveCfg = Release|Any CPU
		{31311003-3544-49F8-9EC1-D3F26F29DAE6}.Ad-Hoc|iPhoneSimulator.Build.0 = Release|Any CPU
		{31311003-3544-49F8-9EC1-D3F26F29DAE6}.Ad-Hoc|iPhoneSimulator.Deploy.0 = Release|Any CPU
		{31311003-3544-49F8-9EC1-D3F26F29DAE6}.AppStore|Any CPU.ActiveCfg = Release|Any CPU
		{31311003-3544-49F8-9EC1-D3F26F29DAE6}.AppStore|Any CPU.Build.0 = Release|Any CPU
		{31311003-3544-49F8-9EC1-D3F26F29DAE6}.AppStore|Any CPU.Deploy.0 = Release|Any CPU
		{31311003-3544-49F8-9EC1-D3F26F29DAE6}.AppStore|iPhone.ActiveCfg = Release|Any CPU
		{31311003-3544-49F8-9EC1-D3F26F29DAE6}.AppStore|iPhone.Build.0 = Release|Any CPU
		{31311003-3544-49F8-9EC1-D3F26F29DAE6}.AppStore|iPhone.Deploy.0 = Release|Any CPU
		{31311003-3544-49F8-9EC1-D3F26F29DAE6}.AppStore|iPhoneSimulator.ActiveCfg = Release|Any CPU
		{31311003-3544-49F8-9EC1-D3F26F29DAE6}.AppStore|iPhoneSimulator.Build.0 = Release|Any CPU
		{31311003-3544-49F8-9EC1-D3F26F29DAE6}.AppStore|iPhoneSimulator.Deploy.0 = Release|Any CPU
		{31311003-3544-49F8-9EC1-D3F26F29DAE6}.Debug|Any CPU.ActiveCfg = Debug|Any CPU
		{31311003-3544-49F8-9EC1-D3F26F29DAE6}.Debug|Any CPU.Build.0 = Debug|Any CPU
		{31311003-3544-49F8-9EC1-D3F26F29DAE6}.Debug|Any CPU.Deploy.0 = Debug|Any CPU
		{31311003-3544-49F8-9EC1-D3F26F29DAE6}.Debug|iPhone.ActiveCfg = Debug|Any CPU
		{31311003-3544-49F8-9EC1-D3F26F29DAE6}.Debug|iPhone.Build.0 = Debug|Any CPU
		{31311003-3544-49F8-9EC1-D3F26F29DAE6}.Debug|iPhone.Deploy.0 = Debug|Any CPU
		{31311003-3544-49F8-9EC1-D3F26F29DAE6}.Debug|iPhoneSimulator.ActiveCfg = Debug|Any CPU
		{31311003-3544-49F8-9EC1-D3F26F29DAE6}.Debug|iPhoneSimulator.Build.0 = Debug|Any CPU
		{31311003-3544-49F8-9EC1-D3F26F29DAE6}.Debug|iPhoneSimulator.Deploy.0 = Debug|Any CPU
		{31311003-3544-49F8-9EC1-D3F26F29DAE6}.Release|Any CPU.ActiveCfg = Release|Any CPU
		{31311003-3544-49F8-9EC1-D3F26F29DAE6}.Release|Any CPU.Build.0 = Release|Any CPU
		{31311003-3544-49F8-9EC1-D3F26F29DAE6}.Release|Any CPU.Deploy.0 = Release|Any CPU
		{31311003-3544-49F8-9EC1-D3F26F29DAE6}.Release|iPhone.ActiveCfg = Release|Any CPU
		{31311003-3544-49F8-9EC1-D3F26F29DAE6}.Release|iPhone.Build.0 = Release|Any CPU
		{31311003-3544-49F8-9EC1-D3F26F29DAE6}.Release|iPhone.Deploy.0 = Release|Any CPU
		{31311003-3544-49F8-9EC1-D3F26F29DAE6}.Release|iPhoneSimulator.ActiveCfg = Release|Any CPU
		{31311003-3544-49F8-9EC1-D3F26F29DAE6}.Release|iPhoneSimulator.Build.0 = Release|Any CPU
		{31311003-3544-49F8-9EC1-D3F26F29DAE6}.Release|iPhoneSimulator.Deploy.0 = Release|Any CPU
		{E6DAC8CB-0DCF-477E-B71B-79994E25314B}.Ad-Hoc|Any CPU.ActiveCfg = Ad-Hoc|iPhone
		{E6DAC8CB-0DCF-477E-B71B-79994E25314B}.Ad-Hoc|Any CPU.Build.0 = Ad-Hoc|iPhone
		{E6DAC8CB-0DCF-477E-B71B-79994E25314B}.Ad-Hoc|Any CPU.Deploy.0 = Ad-Hoc|iPhone
		{E6DAC8CB-0DCF-477E-B71B-79994E25314B}.Ad-Hoc|iPhone.ActiveCfg = Ad-Hoc|iPhone
		{E6DAC8CB-0DCF-477E-B71B-79994E25314B}.Ad-Hoc|iPhone.Build.0 = Ad-Hoc|iPhone
		{E6DAC8CB-0DCF-477E-B71B-79994E25314B}.Ad-Hoc|iPhone.Deploy.0 = Ad-Hoc|iPhone
		{E6DAC8CB-0DCF-477E-B71B-79994E25314B}.Ad-Hoc|iPhoneSimulator.ActiveCfg = Ad-Hoc|iPhoneSimulator
		{E6DAC8CB-0DCF-477E-B71B-79994E25314B}.Ad-Hoc|iPhoneSimulator.Build.0 = Ad-Hoc|iPhoneSimulator
		{E6DAC8CB-0DCF-477E-B71B-79994E25314B}.Ad-Hoc|iPhoneSimulator.Deploy.0 = Ad-Hoc|iPhoneSimulator
		{E6DAC8CB-0DCF-477E-B71B-79994E25314B}.AppStore|Any CPU.ActiveCfg = AppStore|iPhone
		{E6DAC8CB-0DCF-477E-B71B-79994E25314B}.AppStore|Any CPU.Build.0 = AppStore|iPhone
		{E6DAC8CB-0DCF-477E-B71B-79994E25314B}.AppStore|Any CPU.Deploy.0 = AppStore|iPhone
		{E6DAC8CB-0DCF-477E-B71B-79994E25314B}.AppStore|iPhone.ActiveCfg = AppStore|iPhone
		{E6DAC8CB-0DCF-477E-B71B-79994E25314B}.AppStore|iPhone.Build.0 = AppStore|iPhone
		{E6DAC8CB-0DCF-477E-B71B-79994E25314B}.AppStore|iPhone.Deploy.0 = AppStore|iPhone
		{E6DAC8CB-0DCF-477E-B71B-79994E25314B}.AppStore|iPhoneSimulator.ActiveCfg = AppStore|iPhoneSimulator
		{E6DAC8CB-0DCF-477E-B71B-79994E25314B}.AppStore|iPhoneSimulator.Build.0 = AppStore|iPhoneSimulator
		{E6DAC8CB-0DCF-477E-B71B-79994E25314B}.AppStore|iPhoneSimulator.Deploy.0 = AppStore|iPhoneSimulator
		{E6DAC8CB-0DCF-477E-B71B-79994E25314B}.Debug|Any CPU.ActiveCfg = Debug|iPhoneSimulator
		{E6DAC8CB-0DCF-477E-B71B-79994E25314B}.Debug|Any CPU.Build.0 = Debug|iPhoneSimulator
		{E6DAC8CB-0DCF-477E-B71B-79994E25314B}.Debug|Any CPU.Deploy.0 = Debug|iPhoneSimulator
		{E6DAC8CB-0DCF-477E-B71B-79994E25314B}.Debug|iPhone.ActiveCfg = Debug|iPhone
		{E6DAC8CB-0DCF-477E-B71B-79994E25314B}.Debug|iPhone.Build.0 = Debug|iPhone
		{E6DAC8CB-0DCF-477E-B71B-79994E25314B}.Debug|iPhone.Deploy.0 = Debug|iPhone
		{E6DAC8CB-0DCF-477E-B71B-79994E25314B}.Debug|iPhoneSimulator.ActiveCfg = Debug|iPhoneSimulator
		{E6DAC8CB-0DCF-477E-B71B-79994E25314B}.Debug|iPhoneSimulator.Build.0 = Debug|iPhoneSimulator
		{E6DAC8CB-0DCF-477E-B71B-79994E25314B}.Debug|iPhoneSimulator.Deploy.0 = Debug|iPhoneSimulator
		{E6DAC8CB-0DCF-477E-B71B-79994E25314B}.Release|Any CPU.ActiveCfg = Release|iPhone
		{E6DAC8CB-0DCF-477E-B71B-79994E25314B}.Release|Any CPU.Build.0 = Release|iPhone
		{E6DAC8CB-0DCF-477E-B71B-79994E25314B}.Release|Any CPU.Deploy.0 = Release|iPhone
		{E6DAC8CB-0DCF-477E-B71B-79994E25314B}.Release|iPhone.ActiveCfg = Release|iPhone
		{E6DAC8CB-0DCF-477E-B71B-79994E25314B}.Release|iPhone.Build.0 = Release|iPhone
		{E6DAC8CB-0DCF-477E-B71B-79994E25314B}.Release|iPhone.Deploy.0 = Release|iPhone
		{E6DAC8CB-0DCF-477E-B71B-79994E25314B}.Release|iPhoneSimulator.ActiveCfg = Release|iPhoneSimulator
		{E6DAC8CB-0DCF-477E-B71B-79994E25314B}.Release|iPhoneSimulator.Build.0 = Release|iPhoneSimulator
		{E6DAC8CB-0DCF-477E-B71B-79994E25314B}.Release|iPhoneSimulator.Deploy.0 = Release|iPhoneSimulator
		{00101FFC-0599-472F-813F-9AC28C8E88EF}.Ad-Hoc|Any CPU.ActiveCfg = Debug|Any CPU
		{00101FFC-0599-472F-813F-9AC28C8E88EF}.Ad-Hoc|Any CPU.Build.0 = Debug|Any CPU
		{00101FFC-0599-472F-813F-9AC28C8E88EF}.Ad-Hoc|Any CPU.Deploy.0 = Debug|Any CPU
		{00101FFC-0599-472F-813F-9AC28C8E88EF}.Ad-Hoc|iPhone.ActiveCfg = Debug|Any CPU
		{00101FFC-0599-472F-813F-9AC28C8E88EF}.Ad-Hoc|iPhone.Build.0 = Debug|Any CPU
		{00101FFC-0599-472F-813F-9AC28C8E88EF}.Ad-Hoc|iPhone.Deploy.0 = Debug|Any CPU
		{00101FFC-0599-472F-813F-9AC28C8E88EF}.Ad-Hoc|iPhoneSimulator.ActiveCfg = Debug|Any CPU
		{00101FFC-0599-472F-813F-9AC28C8E88EF}.Ad-Hoc|iPhoneSimulator.Build.0 = Debug|Any CPU
		{00101FFC-0599-472F-813F-9AC28C8E88EF}.Ad-Hoc|iPhoneSimulator.Deploy.0 = Debug|Any CPU
		{00101FFC-0599-472F-813F-9AC28C8E88EF}.AppStore|Any CPU.ActiveCfg = Debug|Any CPU
		{00101FFC-0599-472F-813F-9AC28C8E88EF}.AppStore|Any CPU.Build.0 = Debug|Any CPU
		{00101FFC-0599-472F-813F-9AC28C8E88EF}.AppStore|Any CPU.Deploy.0 = Debug|Any CPU
		{00101FFC-0599-472F-813F-9AC28C8E88EF}.AppStore|iPhone.ActiveCfg = Debug|Any CPU
		{00101FFC-0599-472F-813F-9AC28C8E88EF}.AppStore|iPhone.Build.0 = Debug|Any CPU
		{00101FFC-0599-472F-813F-9AC28C8E88EF}.AppStore|iPhone.Deploy.0 = Debug|Any CPU
		{00101FFC-0599-472F-813F-9AC28C8E88EF}.AppStore|iPhoneSimulator.ActiveCfg = Debug|Any CPU
		{00101FFC-0599-472F-813F-9AC28C8E88EF}.AppStore|iPhoneSimulator.Build.0 = Debug|Any CPU
		{00101FFC-0599-472F-813F-9AC28C8E88EF}.AppStore|iPhoneSimulator.Deploy.0 = Debug|Any CPU
		{00101FFC-0599-472F-813F-9AC28C8E88EF}.Debug|Any CPU.ActiveCfg = Debug|Any CPU
		{00101FFC-0599-472F-813F-9AC28C8E88EF}.Debug|Any CPU.Build.0 = Debug|Any CPU
		{00101FFC-0599-472F-813F-9AC28C8E88EF}.Debug|Any CPU.Deploy.0 = Debug|Any CPU
		{00101FFC-0599-472F-813F-9AC28C8E88EF}.Debug|iPhone.ActiveCfg = Debug|Any CPU
		{00101FFC-0599-472F-813F-9AC28C8E88EF}.Debug|iPhone.Build.0 = Debug|Any CPU
		{00101FFC-0599-472F-813F-9AC28C8E88EF}.Debug|iPhone.Deploy.0 = Debug|Any CPU
		{00101FFC-0599-472F-813F-9AC28C8E88EF}.Debug|iPhoneSimulator.ActiveCfg = Debug|Any CPU
		{00101FFC-0599-472F-813F-9AC28C8E88EF}.Debug|iPhoneSimulator.Build.0 = Debug|Any CPU
		{00101FFC-0599-472F-813F-9AC28C8E88EF}.Debug|iPhoneSimulator.Deploy.0 = Debug|Any CPU
		{00101FFC-0599-472F-813F-9AC28C8E88EF}.Release|Any CPU.ActiveCfg = Release|Any CPU
		{00101FFC-0599-472F-813F-9AC28C8E88EF}.Release|Any CPU.Build.0 = Release|Any CPU
		{00101FFC-0599-472F-813F-9AC28C8E88EF}.Release|Any CPU.Deploy.0 = Release|Any CPU
		{00101FFC-0599-472F-813F-9AC28C8E88EF}.Release|iPhone.ActiveCfg = Release|Any CPU
		{00101FFC-0599-472F-813F-9AC28C8E88EF}.Release|iPhone.Build.0 = Release|Any CPU
		{00101FFC-0599-472F-813F-9AC28C8E88EF}.Release|iPhone.Deploy.0 = Release|Any CPU
		{00101FFC-0599-472F-813F-9AC28C8E88EF}.Release|iPhoneSimulator.ActiveCfg = Release|Any CPU
		{00101FFC-0599-472F-813F-9AC28C8E88EF}.Release|iPhoneSimulator.Build.0 = Release|Any CPU
		{00101FFC-0599-472F-813F-9AC28C8E88EF}.Release|iPhoneSimulator.Deploy.0 = Release|Any CPU
		{72DAC64D-2605-463D-8AD4-A6E50FC6C96A}.Ad-Hoc|Any CPU.ActiveCfg = Release|Any CPU
		{72DAC64D-2605-463D-8AD4-A6E50FC6C96A}.Ad-Hoc|Any CPU.Build.0 = Release|Any CPU
		{72DAC64D-2605-463D-8AD4-A6E50FC6C96A}.Ad-Hoc|iPhone.ActiveCfg = Release|Any CPU
		{72DAC64D-2605-463D-8AD4-A6E50FC6C96A}.Ad-Hoc|iPhone.Build.0 = Release|Any CPU
		{72DAC64D-2605-463D-8AD4-A6E50FC6C96A}.Ad-Hoc|iPhoneSimulator.ActiveCfg = Release|Any CPU
		{72DAC64D-2605-463D-8AD4-A6E50FC6C96A}.Ad-Hoc|iPhoneSimulator.Build.0 = Release|Any CPU
		{72DAC64D-2605-463D-8AD4-A6E50FC6C96A}.AppStore|Any CPU.ActiveCfg = Release|Any CPU
		{72DAC64D-2605-463D-8AD4-A6E50FC6C96A}.AppStore|Any CPU.Build.0 = Release|Any CPU
		{72DAC64D-2605-463D-8AD4-A6E50FC6C96A}.AppStore|iPhone.ActiveCfg = Release|Any CPU
		{72DAC64D-2605-463D-8AD4-A6E50FC6C96A}.AppStore|iPhone.Build.0 = Release|Any CPU
		{72DAC64D-2605-463D-8AD4-A6E50FC6C96A}.AppStore|iPhoneSimulator.ActiveCfg = Release|Any CPU
		{72DAC64D-2605-463D-8AD4-A6E50FC6C96A}.AppStore|iPhoneSimulator.Build.0 = Release|Any CPU
		{72DAC64D-2605-463D-8AD4-A6E50FC6C96A}.Debug|Any CPU.ActiveCfg = Debug|Any CPU
		{72DAC64D-2605-463D-8AD4-A6E50FC6C96A}.Debug|Any CPU.Build.0 = Debug|Any CPU
		{72DAC64D-2605-463D-8AD4-A6E50FC6C96A}.Debug|iPhone.ActiveCfg = Debug|Any CPU
		{72DAC64D-2605-463D-8AD4-A6E50FC6C96A}.Debug|iPhone.Build.0 = Debug|Any CPU
		{72DAC64D-2605-463D-8AD4-A6E50FC6C96A}.Debug|iPhoneSimulator.ActiveCfg = Debug|Any CPU
		{72DAC64D-2605-463D-8AD4-A6E50FC6C96A}.Debug|iPhoneSimulator.Build.0 = Debug|Any CPU
		{72DAC64D-2605-463D-8AD4-A6E50FC6C96A}.Release|Any CPU.ActiveCfg = Release|Any CPU
		{72DAC64D-2605-463D-8AD4-A6E50FC6C96A}.Release|Any CPU.Build.0 = Release|Any CPU
		{72DAC64D-2605-463D-8AD4-A6E50FC6C96A}.Release|iPhone.ActiveCfg = Release|Any CPU
		{72DAC64D-2605-463D-8AD4-A6E50FC6C96A}.Release|iPhone.Build.0 = Release|Any CPU
		{72DAC64D-2605-463D-8AD4-A6E50FC6C96A}.Release|iPhoneSimulator.ActiveCfg = Release|Any CPU
		{72DAC64D-2605-463D-8AD4-A6E50FC6C96A}.Release|iPhoneSimulator.Build.0 = Release|Any CPU
		{A7CB168A-5068-46ED-BE60-37DA14FE4780}.Ad-Hoc|Any CPU.ActiveCfg = Release|Any CPU
		{A7CB168A-5068-46ED-BE60-37DA14FE4780}.Ad-Hoc|Any CPU.Build.0 = Release|Any CPU
		{A7CB168A-5068-46ED-BE60-37DA14FE4780}.Ad-Hoc|iPhone.ActiveCfg = Release|Any CPU
		{A7CB168A-5068-46ED-BE60-37DA14FE4780}.Ad-Hoc|iPhone.Build.0 = Release|Any CPU
		{A7CB168A-5068-46ED-BE60-37DA14FE4780}.Ad-Hoc|iPhoneSimulator.ActiveCfg = Release|Any CPU
		{A7CB168A-5068-46ED-BE60-37DA14FE4780}.Ad-Hoc|iPhoneSimulator.Build.0 = Release|Any CPU
		{A7CB168A-5068-46ED-BE60-37DA14FE4780}.AppStore|Any CPU.ActiveCfg = Release|Any CPU
		{A7CB168A-5068-46ED-BE60-37DA14FE4780}.AppStore|Any CPU.Build.0 = Release|Any CPU
		{A7CB168A-5068-46ED-BE60-37DA14FE4780}.AppStore|iPhone.ActiveCfg = Release|Any CPU
		{A7CB168A-5068-46ED-BE60-37DA14FE4780}.AppStore|iPhone.Build.0 = Release|Any CPU
		{A7CB168A-5068-46ED-BE60-37DA14FE4780}.AppStore|iPhoneSimulator.ActiveCfg = Release|Any CPU
		{A7CB168A-5068-46ED-BE60-37DA14FE4780}.AppStore|iPhoneSimulator.Build.0 = Release|Any CPU
		{A7CB168A-5068-46ED-BE60-37DA14FE4780}.Debug|Any CPU.ActiveCfg = Debug|Any CPU
		{A7CB168A-5068-46ED-BE60-37DA14FE4780}.Debug|Any CPU.Build.0 = Debug|Any CPU
		{A7CB168A-5068-46ED-BE60-37DA14FE4780}.Debug|iPhone.ActiveCfg = Debug|Any CPU
		{A7CB168A-5068-46ED-BE60-37DA14FE4780}.Debug|iPhone.Build.0 = Debug|Any CPU
		{A7CB168A-5068-46ED-BE60-37DA14FE4780}.Debug|iPhoneSimulator.ActiveCfg = Debug|Any CPU
		{A7CB168A-5068-46ED-BE60-37DA14FE4780}.Debug|iPhoneSimulator.Build.0 = Debug|Any CPU
		{A7CB168A-5068-46ED-BE60-37DA14FE4780}.Release|Any CPU.ActiveCfg = Release|Any CPU
		{A7CB168A-5068-46ED-BE60-37DA14FE4780}.Release|Any CPU.Build.0 = Release|Any CPU
		{A7CB168A-5068-46ED-BE60-37DA14FE4780}.Release|iPhone.ActiveCfg = Release|Any CPU
		{A7CB168A-5068-46ED-BE60-37DA14FE4780}.Release|iPhone.Build.0 = Release|Any CPU
		{A7CB168A-5068-46ED-BE60-37DA14FE4780}.Release|iPhoneSimulator.ActiveCfg = Release|Any CPU
		{A7CB168A-5068-46ED-BE60-37DA14FE4780}.Release|iPhoneSimulator.Build.0 = Release|Any CPU
		{07EBE54B-1F1E-44EC-BB55-65970CE11252}.Ad-Hoc|Any CPU.ActiveCfg = Release|Any CPU
		{07EBE54B-1F1E-44EC-BB55-65970CE11252}.Ad-Hoc|Any CPU.Build.0 = Release|Any CPU
		{07EBE54B-1F1E-44EC-BB55-65970CE11252}.Ad-Hoc|iPhone.ActiveCfg = Release|Any CPU
		{07EBE54B-1F1E-44EC-BB55-65970CE11252}.Ad-Hoc|iPhone.Build.0 = Release|Any CPU
		{07EBE54B-1F1E-44EC-BB55-65970CE11252}.Ad-Hoc|iPhoneSimulator.ActiveCfg = Release|Any CPU
		{07EBE54B-1F1E-44EC-BB55-65970CE11252}.Ad-Hoc|iPhoneSimulator.Build.0 = Release|Any CPU
		{07EBE54B-1F1E-44EC-BB55-65970CE11252}.AppStore|Any CPU.ActiveCfg = Release|Any CPU
		{07EBE54B-1F1E-44EC-BB55-65970CE11252}.AppStore|Any CPU.Build.0 = Release|Any CPU
		{07EBE54B-1F1E-44EC-BB55-65970CE11252}.AppStore|iPhone.ActiveCfg = Release|Any CPU
		{07EBE54B-1F1E-44EC-BB55-65970CE11252}.AppStore|iPhone.Build.0 = Release|Any CPU
		{07EBE54B-1F1E-44EC-BB55-65970CE11252}.AppStore|iPhoneSimulator.ActiveCfg = Release|Any CPU
		{07EBE54B-1F1E-44EC-BB55-65970CE11252}.AppStore|iPhoneSimulator.Build.0 = Release|Any CPU
		{07EBE54B-1F1E-44EC-BB55-65970CE11252}.Debug|Any CPU.ActiveCfg = Debug|Any CPU
		{07EBE54B-1F1E-44EC-BB55-65970CE11252}.Debug|Any CPU.Build.0 = Debug|Any CPU
		{07EBE54B-1F1E-44EC-BB55-65970CE11252}.Debug|iPhone.ActiveCfg = Debug|Any CPU
		{07EBE54B-1F1E-44EC-BB55-65970CE11252}.Debug|iPhone.Build.0 = Debug|Any CPU
		{07EBE54B-1F1E-44EC-BB55-65970CE11252}.Debug|iPhoneSimulator.ActiveCfg = Debug|Any CPU
		{07EBE54B-1F1E-44EC-BB55-65970CE11252}.Debug|iPhoneSimulator.Build.0 = Debug|Any CPU
		{07EBE54B-1F1E-44EC-BB55-65970CE11252}.Release|Any CPU.ActiveCfg = Release|Any CPU
		{07EBE54B-1F1E-44EC-BB55-65970CE11252}.Release|Any CPU.Build.0 = Release|Any CPU
		{07EBE54B-1F1E-44EC-BB55-65970CE11252}.Release|iPhone.ActiveCfg = Release|Any CPU
		{07EBE54B-1F1E-44EC-BB55-65970CE11252}.Release|iPhone.Build.0 = Release|Any CPU
		{07EBE54B-1F1E-44EC-BB55-65970CE11252}.Release|iPhoneSimulator.ActiveCfg = Release|Any CPU
		{07EBE54B-1F1E-44EC-BB55-65970CE11252}.Release|iPhoneSimulator.Build.0 = Release|Any CPU
		{0A16AE3D-0D40-458D-8059-81CB077C8C4A}.Ad-Hoc|Any CPU.ActiveCfg = Release|Any CPU
		{0A16AE3D-0D40-458D-8059-81CB077C8C4A}.Ad-Hoc|Any CPU.Build.0 = Release|Any CPU
		{0A16AE3D-0D40-458D-8059-81CB077C8C4A}.Ad-Hoc|iPhone.ActiveCfg = Release|Any CPU
		{0A16AE3D-0D40-458D-8059-81CB077C8C4A}.Ad-Hoc|iPhone.Build.0 = Release|Any CPU
		{0A16AE3D-0D40-458D-8059-81CB077C8C4A}.Ad-Hoc|iPhoneSimulator.ActiveCfg = Release|Any CPU
		{0A16AE3D-0D40-458D-8059-81CB077C8C4A}.Ad-Hoc|iPhoneSimulator.Build.0 = Release|Any CPU
		{0A16AE3D-0D40-458D-8059-81CB077C8C4A}.AppStore|Any CPU.ActiveCfg = Release|Any CPU
		{0A16AE3D-0D40-458D-8059-81CB077C8C4A}.AppStore|Any CPU.Build.0 = Release|Any CPU
		{0A16AE3D-0D40-458D-8059-81CB077C8C4A}.AppStore|iPhone.ActiveCfg = Release|Any CPU
		{0A16AE3D-0D40-458D-8059-81CB077C8C4A}.AppStore|iPhone.Build.0 = Release|Any CPU
		{0A16AE3D-0D40-458D-8059-81CB077C8C4A}.AppStore|iPhoneSimulator.ActiveCfg = Release|Any CPU
		{0A16AE3D-0D40-458D-8059-81CB077C8C4A}.AppStore|iPhoneSimulator.Build.0 = Release|Any CPU
		{0A16AE3D-0D40-458D-8059-81CB077C8C4A}.Debug|Any CPU.ActiveCfg = Debug|Any CPU
		{0A16AE3D-0D40-458D-8059-81CB077C8C4A}.Debug|Any CPU.Build.0 = Debug|Any CPU
		{0A16AE3D-0D40-458D-8059-81CB077C8C4A}.Debug|iPhone.ActiveCfg = Debug|Any CPU
		{0A16AE3D-0D40-458D-8059-81CB077C8C4A}.Debug|iPhone.Build.0 = Debug|Any CPU
		{0A16AE3D-0D40-458D-8059-81CB077C8C4A}.Debug|iPhoneSimulator.ActiveCfg = Debug|Any CPU
		{0A16AE3D-0D40-458D-8059-81CB077C8C4A}.Debug|iPhoneSimulator.Build.0 = Debug|Any CPU
		{0A16AE3D-0D40-458D-8059-81CB077C8C4A}.Release|Any CPU.ActiveCfg = Release|Any CPU
		{0A16AE3D-0D40-458D-8059-81CB077C8C4A}.Release|Any CPU.Build.0 = Release|Any CPU
		{0A16AE3D-0D40-458D-8059-81CB077C8C4A}.Release|iPhone.ActiveCfg = Release|Any CPU
		{0A16AE3D-0D40-458D-8059-81CB077C8C4A}.Release|iPhone.Build.0 = Release|Any CPU
		{0A16AE3D-0D40-458D-8059-81CB077C8C4A}.Release|iPhoneSimulator.ActiveCfg = Release|Any CPU
		{0A16AE3D-0D40-458D-8059-81CB077C8C4A}.Release|iPhoneSimulator.Build.0 = Release|Any CPU
	EndGlobalSection
	GlobalSection(SolutionProperties) = preSolution
		HideSolutionNode = FALSE
	EndGlobalSection
	GlobalSection(ExtensibilityGlobals) = postSolution
		SolutionGuid = {19C9D0BE-708D-4C4F-B1F0-C049A75D2E20}
	EndGlobalSection
EndGlobal
